
Microsoft Visual Studio Solution File, Format Version 12.00
# Visual Studio Version 17
VisualStudioVersion = 17.2.32616.157
MinimumVisualStudioVersion = 10.0.40219.1
Project("{FAE04EC0-301F-11D3-BF4B-00C04F79EFBC}") = "WpfApp1", "WpfApp1\WpfApp1.csproj", "{04222625-B3D7-473A-8BB2-A4E4F5722882}"
EndProject
Global
	GlobalSection(SolutionConfigurationPlatforms) = preSolution
		Debug|Any CPU = Debug|Any CPU
		Release|Any CPU = Release|Any CPU
	EndGlobalSection
	GlobalSection(ProjectConfigurationPlatforms) = postSolution
		{04222625-B3D7-473A-8BB2-A4E4F5722882}.Debug|Any CPU.ActiveCfg = Debug|Any CPU
		{04222625-B3D7-473A-8BB2-A4E4F5722882}.Debug|Any CPU.Build.0 = Debug|Any CPU
		{04222625-B3D7-473A-8BB2-A4E4F5722882}.Release|Any CPU.ActiveCfg = Release|Any CPU
		{04222625-B3D7-473A-8BB2-A4E4F5722882}.Release|Any CPU.Build.0 = Release|Any CPU
	EndGlobalSection
	GlobalSection(SolutionProperties) = preSolution
		HideSolutionNode = FALSE
	EndGlobalSection
	GlobalSection(ExtensibilityGlobals) = postSolution
		SolutionGuid = {52EDEC41-651D-4D3B-9DC9-BA945C1E52B0}
	EndGlobalSection
EndGlobal
